PODS:
  - Alamofire (5.9.1)
  - MBProgressHUD (1.2.0)
  - RxSwift (6.7.1)
  - SDWebImage (5.19.2):
    - SDWebImage/Core (= 5.19.2)
  - SDWebImage/Core (5.19.2)
  - SwiftyJSON (5.0.2)
  - Toast-Swift (5.1.1)

DEPENDENCIES:
  - Alamofire
  - MBProgressHUD
  - RxSwift
  - SDWebImage
  - SwiftyJSON
  - Toast-Swift

SPEC REPOS:
  trunk:
    - Alamofire
    - MBProgressHUD
    - RxSwift
    - SDWebImage
    - SwiftyJSON
    - Toast-Swift

SPEC CHECKSUMS:
  Alamofire: f36a35757af4587d8e4f4bfa223ad10be2422b8c
  MBProgressHUD: 3ee5efcc380f6a79a7cc9b363dd669c5e1ae7406
  RxSwift: b9a93a26031785159e11abd40d1a55bcb8057e52
  SDWebImage: dfe95b2466a9823cf9f0c6d01217c06550d7b29a
  SwiftyJSON: f5b1bf1cd8dd53cd25887ac0eabcfd92301c6a5a
  Toast-Swift: 7a03a532afe3a560d4044bc7c237e2864d295173

PODFILE CHECKSUM: 15543f015d1fec9df231c26a50cd0085446791fc

COCOAPODS: 1.15.2
